
Microsoft Visual Studio Solution File, Format Version 12.00
# Visual Studio Version 16
VisualStudioVersion = 16.0.30523.141
MinimumVisualStudioVersion = 10.0.40219.1
Project("{FAE04EC0-301F-11D3-BF4B-00C04F79EFBC}") = "APIEclass", "APIEclass.csproj", "{DF64A63A-7A73-4C00-A3D4-E77AFFF2E05B}"
EndProject
Global
	GlobalSection(SolutionConfigurationPlatforms) = preSolution
		Debug|Any CPU = Debug|Any CPU
		Release|Any CPU = Release|Any CPU
	EndGlobalSection
	GlobalSection(ProjectConfigurationPlatforms) = postSolution
		{DF64A63A-7A73-4C00-A3D4-E77AFFF2E05B}.Debug|Any CPU.ActiveCfg = Debug|Any CPU
		{DF64A63A-7A73-4C00-A3D4-E77AFFF2E05B}.Debug|Any CPU.Build.0 = Debug|Any CPU
		{DF64A63A-7A73-4C00-A3D4-E77AFFF2E05B}.Release|Any CPU.ActiveCfg = Release|Any CPU
		{DF64A63A-7A73-4C00-A3D4-E77AFFF2E05B}.Release|Any CPU.Build.0 = Release|Any CPU
	EndGlobalSection
	GlobalSection(SolutionProperties) = preSolution
		HideSolutionNode = FALSE
	EndGlobalSection
	GlobalSection(ExtensibilityGlobals) = postSolution
		SolutionGuid = {27479FD0-4554-4032-9E36-3423525493AC}
	EndGlobalSection
EndGlobal
